
Microsoft Visual Studio Solution File, Format Version 12.00
# Visual Studio Version 17
VisualStudioVersion = 17.10.35013.160
MinimumVisualStudioVersion = 10.0.40219.1
Project("{FAE04EC0-301F-11D3-BF4B-00C04F79EFBC}") = "Canciones", "Canciones.csproj", "{8FA16C52-111B-42F5-8D71-D09D65003E09}"
EndProject
Global
	GlobalSection(SolutionConfigurationPlatforms) = preSolution
		Debug|Any CPU = Debug|Any CPU
		Release|Any CPU = Release|Any CPU
	EndGlobalSection
	GlobalSection(ProjectConfigurationPlatforms) = postSolution
		{8FA16C52-111B-42F5-8D71-D09D65003E09}.Debug|Any CPU.ActiveCfg = Debug|Any CPU
		{8FA16C52-111B-42F5-8D71-D09D65003E09}.Debug|Any CPU.Build.0 = Debug|Any CPU
		{8FA16C52-111B-42F5-8D71-D09D65003E09}.Release|Any CPU.ActiveCfg = Release|Any CPU
		{8FA16C52-111B-42F5-8D71-D09D65003E09}.Release|Any CPU.Build.0 = Release|Any CPU
	EndGlobalSection
	GlobalSection(SolutionProperties) = preSolution
		HideSolutionNode = FALSE
	EndGlobalSection
	GlobalSection(ExtensibilityGlobals) = postSolution
		SolutionGuid = {3733F9DE-F5BC-4DE1-B967-46A481CA2968}
	EndGlobalSection
EndGlobal
