
Microsoft Visual Studio Solution File, Format Version 12.00
# Visual Studio Version 17
VisualStudioVersion = 17.10.35013.160
MinimumVisualStudioVersion = 10.0.40219.1
Project("{FAE04EC0-301F-11D3-BF4B-00C04F79EFBC}") = "CDs", "CDs.csproj", "{DDEBC2D9-0329-4CE6-96BB-F83C41DA48CB}"
EndProject
Global
	GlobalSection(SolutionConfigurationPlatforms) = preSolution
		Debug|Any CPU = Debug|Any CPU
		Release|Any CPU = Release|Any CPU
	EndGlobalSection
	GlobalSection(ProjectConfigurationPlatforms) = postSolution
		{DDEBC2D9-0329-4CE6-96BB-F83C41DA48CB}.Debug|Any CPU.ActiveCfg = Debug|Any CPU
		{DDEBC2D9-0329-4CE6-96BB-F83C41DA48CB}.Debug|Any CPU.Build.0 = Debug|Any CPU
		{DDEBC2D9-0329-4CE6-96BB-F83C41DA48CB}.Release|Any CPU.ActiveCfg = Release|Any CPU
		{DDEBC2D9-0329-4CE6-96BB-F83C41DA48CB}.Release|Any CPU.Build.0 = Release|Any CPU
	EndGlobalSection
	GlobalSection(SolutionProperties) = preSolution
		HideSolutionNode = FALSE
	EndGlobalSection
	GlobalSection(ExtensibilityGlobals) = postSolution
		SolutionGuid = {C37B1317-F72D-4DE2-88E7-3E8563C9320F}
	EndGlobalSection
EndGlobal
